// !$*UTF8*$!
{
	archiveVersion = 1;
	classes = {
	};
	objectVersion = 55;
	objects = {

/* Begin PBXBuildFile section */
		039542BF27D1DCF000ABA488 /* ResultsMapViewController.swift in Sources */ = {isa = PBXBuildFile; fileRef = 039542BE27D1DCF000ABA488 /* ResultsMapViewController.swift */; };
		039542C127D1DCFD00ABA488 /* ResultsTableViewController.swift in Sources */ = {isa = PBXBuildFile; fileRef = 039542C027D1DCFD00ABA488 /* ResultsTableViewController.swift */; };
		039542C327D1DD2400ABA488 /* FavoritesListViewController.swift in Sources */ = {isa = PBXBuildFile; fileRef = 039542C227D1DD2400ABA488 /* FavoritesListViewController.swift */; };
		039542C527D1DD3E00ABA488 /* CafeDetailViewController.swift in Sources */ = {isa = PBXBuildFile; fileRef = 039542C427D1DD3E00ABA488 /* CafeDetailViewController.swift */; };
		039542C927D1E27600ABA488 /* SearchCafeViewController.swift in Sources */ = {isa = PBXBuildFile; fileRef = 039542C827D1E27600ABA488 /* SearchCafeViewController.swift */; };
		039542D127D30E4D00ABA488 /* NetworkConstants.swift in Sources */ = {isa = PBXBuildFile; fileRef = 039542D027D30E4D00ABA488 /* NetworkConstants.swift */; };
		039542D327D30E5C00ABA488 /* NetworkClient.swift in Sources */ = {isa = PBXBuildFile; fileRef = 039542D227D30E5C00ABA488 /* NetworkClient.swift */; };
		039542D527D30E7100ABA488 /* NetworkRequest.swift in Sources */ = {isa = PBXBuildFile; fileRef = 039542D427D30E7100ABA488 /* NetworkRequest.swift */; };
		039542D727D33FCE00ABA488 /* SearchResponse.swift in Sources */ = {isa = PBXBuildFile; fileRef = 039542D627D33FCE00ABA488 /* SearchResponse.swift */; };
		039542D927D34BE700ABA488 /* APIRouter.swift in Sources */ = {isa = PBXBuildFile; fileRef = 039542D827D34BE700ABA488 /* APIRouter.swift */; };
		039542DB27D6A66C00ABA488 /* SearchResultsModel.swift in Sources */ = {isa = PBXBuildFile; fileRef = 039542DA27D6A66C00ABA488 /* SearchResultsModel.swift */; };
		039542DD27D6AE6B00ABA488 /* UIViewController+Extension.swift in Sources */ = {isa = PBXBuildFile; fileRef = 039542DC27D6AE6B00ABA488 /* UIViewController+Extension.swift */; };
		039542DF27D80CC700ABA488 /* BusinessResultsCell.swift in Sources */ = {isa = PBXBuildFile; fileRef = 039542DE27D80CC700ABA488 /* BusinessResultsCell.swift */; };
		039542E127D824D300ABA488 /* BusinessDetailResponse.swift in Sources */ = {isa = PBXBuildFile; fileRef = 039542E027D824D300ABA488 /* BusinessDetailResponse.swift */; };
		039542E327DAE03300ABA488 /* BusinessDetailModel.swift in Sources */ = {isa = PBXBuildFile; fileRef = 039542E227DAE03300ABA488 /* BusinessDetailModel.swift */; };
		039542E527DC0CEC00ABA488 /* CafeDetailCollectionViewCell.swift in Sources */ = {isa = PBXBuildFile; fileRef = 039542E427DC0CEC00ABA488 /* CafeDetailCollectionViewCell.swift */; };
		03ACCD0527D0860000B69444 /* AppDelegate.swift in Sources */ = {isa = PBXBuildFile; fileRef = 03ACCD0427D0860000B69444 /* AppDelegate.swift */; };
		03ACCD0727D0860000B69444 /* SceneDelegate.swift in Sources */ = {isa = PBXBuildFile; fileRef = 03ACCD0627D0860000B69444 /* SceneDelegate.swift */; };
		03ACCD0C27D0860000B69444 /* Main.storyboard in Resources */ = {isa = PBXBuildFile; fileRef = 03ACCD0A27D0860000B69444 /* Main.storyboard */; };
		03ACCD0E27D0860300B69444 /* Assets.xcassets in Resources */ = {isa = PBXBuildFile; fileRef = 03ACCD0D27D0860300B69444 /* Assets.xcassets */; };
		03ACCD1127D0860300B69444 /* LaunchScreen.storyboard in Resources */ = {isa = PBXBuildFile; fileRef = 03ACCD0F27D0860300B69444 /* LaunchScreen.storyboard */; };
		DC5FE9AEE7B3771CAD480638 /* Pods_Nine_Bar.framework in Frameworks */ = {isa = PBXBuildFile; fileRef = E9598CD61EA1BE515615B50D /* Pods_Nine_Bar.framework */; };
/* End PBXBuildFile section */

/* Begin PBXFileReference section */
		039542BE27D1DCF000ABA488 /* ResultsMapViewController.swift */ = {isa = PBXFileReference; lastKnownFileType = sourcecode.swift; path = ResultsMapViewController.swift; sourceTree = "<group>"; };
		039542C027D1DCFD00ABA488 /* ResultsTableViewController.swift */ = {isa = PBXFileReference; lastKnownFileType = sourcecode.swift; path = ResultsTableViewController.swift; sourceTree = "<group>"; };
		039542C227D1DD2400ABA488 /* FavoritesListViewController.swift */ = {isa = PBXFileReference; lastKnownFileType = sourcecode.swift; path = FavoritesListViewController.swift; sourceTree = "<group>"; };
		039542C427D1DD3E00ABA488 /* CafeDetailViewController.swift */ = {isa = PBXFileReference; lastKnownFileType = sourcecode.swift; path = CafeDetailViewController.swift; sourceTree = "<group>"; };
		039542C827D1E27600ABA488 /* SearchCafeViewController.swift */ = {isa = PBXFileReference; lastKnownFileType = sourcecode.swift; path = SearchCafeViewController.swift; sourceTree = "<group>"; };
		039542D027D30E4D00ABA488 /* NetworkConstants.swift */ = {isa = PBXFileReference; lastKnownFileType = sourcecode.swift; path = NetworkConstants.swift; sourceTree = "<group>"; };
		039542D227D30E5C00ABA488 /* NetworkClient.swift */ = {isa = PBXFileReference; lastKnownFileType = sourcecode.swift; path = NetworkClient.swift; sourceTree = "<group>"; };
		039542D427D30E7100ABA488 /* NetworkRequest.swift */ = {isa = PBXFileReference; lastKnownFileType = sourcecode.swift; path = NetworkRequest.swift; sourceTree = "<group>"; };
		039542D627D33FCE00ABA488 /* SearchResponse.swift */ = {isa = PBXFileReference; lastKnownFileType = sourcecode.swift; path = SearchResponse.swift; sourceTree = "<group>"; };
		039542D827D34BE700ABA488 /* APIRouter.swift */ = {isa = PBXFileReference; lastKnownFileType = sourcecode.swift; path = APIRouter.swift; sourceTree = "<group>"; };
		039542DA27D6A66C00ABA488 /* SearchResultsModel.swift */ = {isa = PBXFileReference; lastKnownFileType = sourcecode.swift; path = SearchResultsModel.swift; sourceTree = "<group>"; };
		039542DC27D6AE6B00ABA488 /* UIViewController+Extension.swift */ = {isa = PBXFileReference; lastKnownFileType = sourcecode.swift; path = "UIViewController+Extension.swift"; sourceTree = "<group>"; };
		039542DE27D80CC700ABA488 /* BusinessResultsCell.swift */ = {isa = PBXFileReference; lastKnownFileType = sourcecode.swift; path = BusinessResultsCell.swift; sourceTree = "<group>"; };
		039542E027D824D300ABA488 /* BusinessDetailResponse.swift */ = {isa = PBXFileReference; lastKnownFileType = sourcecode.swift; path = BusinessDetailResponse.swift; sourceTree = "<group>"; };
		039542E227DAE03300ABA488 /* BusinessDetailModel.swift */ = {isa = PBXFileReference; lastKnownFileType = sourcecode.swift; path = BusinessDetailModel.swift; sourceTree = "<group>"; };
		039542E427DC0CEC00ABA488 /* CafeDetailCollectionViewCell.swift */ = {isa = PBXFileReference; lastKnownFileType = sourcecode.swift; path = CafeDetailCollectionViewCell.swift; sourceTree = "<group>"; };
		03ACCD0127D0860000B69444 /* Nine Bar.app */ = {isa = PBXFileReference; explicitFileType = wrapper.application; includeInIndex = 0; path = "Nine Bar.app"; sourceTree = BUILT_PRODUCTS_DIR; };
		03ACCD0427D0860000B69444 /* AppDelegate.swift */ = {isa = PBXFileReference; lastKnownFileType = sourcecode.swift; path = AppDelegate.swift; sourceTree = "<group>"; };
		03ACCD0627D0860000B69444 /* SceneDelegate.swift */ = {isa = PBXFileReference; lastKnownFileType = sourcecode.swift; path = SceneDelegate.swift; sourceTree = "<group>"; };
		03ACCD0B27D0860000B69444 /* Base */ = {isa = PBXFileReference; lastKnownFileType = file.storyboard; name = Base; path = Base.lproj/Main.storyboard; sourceTree = "<group>"; };
		03ACCD0D27D0860300B69444 /* Assets.xcassets */ = {isa = PBXFileReference; lastKnownFileType = folder.assetcatalog; path = Assets.xcassets; sourceTree = "<group>"; };
		03ACCD1027D0860300B69444 /* Base */ = {isa = PBXFileReference; lastKnownFileType = file.storyboard; name = Base; path = Base.lproj/LaunchScreen.storyboard; sourceTree = "<group>"; };
		03ACCD1227D0860300B69444 /* Info.plist */ = {isa = PBXFileReference; lastKnownFileType = text.plist.xml; path = Info.plist; sourceTree = "<group>"; };
		2D5E9BA0619F32B6280BF81A /* Pods-Nine Bar.release.xcconfig */ = {isa = PBXFileReference; includeInIndex = 1; lastKnownFileType = text.xcconfig; name = "Pods-Nine Bar.release.xcconfig"; path = "Target Support Files/Pods-Nine Bar/Pods-Nine Bar.release.xcconfig"; sourceTree = "<group>"; };
		C883FB0F368AF51430AAF88A /* Pods-Nine Bar.debug.xcconfig */ = {isa = PBXFileReference; includeInIndex = 1; lastKnownFileType = text.xcconfig; name = "Pods-Nine Bar.debug.xcconfig"; path = "Target Support Files/Pods-Nine Bar/Pods-Nine Bar.debug.xcconfig"; sourceTree = "<group>"; };
		E9598CD61EA1BE515615B50D /* Pods_Nine_Bar.framework */ = {isa = PBXFileReference; explicitFileType = wrapper.framework; includeInIndex = 0; path = Pods_Nine_Bar.framework; sourceTree = BUILT_PRODUCTS_DIR; };
/* End PBXFileReference section */

/* Begin PBXFrameworksBuildPhase section */
		03ACCCFE27D0860000B69444 /* Frameworks */ = {
			isa = PBXFrameworksBuildPhase;
			buildActionMask = 2147483647;
			files = (
				DC5FE9AEE7B3771CAD480638 /* Pods_Nine_Bar.framework in Frameworks */,
			);
			runOnlyForDeploymentPostprocessing = 0;
		};
/* End PBXFrameworksBuildPhase section */

/* Begin PBXGroup section */
		039542B427D1DC0800ABA488 /* Model */ = {
			isa = PBXGroup;
			children = (
				039542DA27D6A66C00ABA488 /* SearchResultsModel.swift */,
				039542E227DAE03300ABA488 /* BusinessDetailModel.swift */,
			);
			path = Model;
			sourceTree = "<group>";
		};
		039542B527D1DC1500ABA488 /* Views */ = {
			isa = PBXGroup;
			children = (
				039542CF27D1FA5C00ABA488 /* Cells */,
				03ACCD0627D0860000B69444 /* SceneDelegate.swift */,
				03ACCD0427D0860000B69444 /* AppDelegate.swift */,
			);
			path = Views;
			sourceTree = "<group>";
		};
		039542B627D1DC2500ABA488 /* View Controllers */ = {
			isa = PBXGroup;
			children = (
				039542C827D1E27600ABA488 /* SearchCafeViewController.swift */,
				039542BE27D1DCF000ABA488 /* ResultsMapViewController.swift */,
				039542C027D1DCFD00ABA488 /* ResultsTableViewController.swift */,
				039542C227D1DD2400ABA488 /* FavoritesListViewController.swift */,
				039542C427D1DD3E00ABA488 /* CafeDetailViewController.swift */,
				039542DC27D6AE6B00ABA488 /* UIViewController+Extension.swift */,
			);
			path = "View Controllers";
			sourceTree = "<group>";
		};
		039542B727D1DC5400ABA488 /* Storyboards */ = {
			isa = PBXGroup;
			children = (
				03ACCD0F27D0860300B69444 /* LaunchScreen.storyboard */,
				03ACCD0A27D0860000B69444 /* Main.storyboard */,
			);
			path = Storyboards;
			sourceTree = "<group>";
		};
		039542B827D1DC6800ABA488 /* Assets */ = {
			isa = PBXGroup;
			children = (
				03ACCD0D27D0860300B69444 /* Assets.xcassets */,
			);
			path = Assets;
			sourceTree = "<group>";
		};
		039542CA27D1F9CD00ABA488 /* Extensions */ = {
			isa = PBXGroup;
			children = (
			);
			path = Extensions;
			sourceTree = "<group>";
		};
		039542CB27D1F9F700ABA488 /* Network */ = {
			isa = PBXGroup;
			children = (
				039542CD27D1FA1400ABA488 /* RequestModels */,
				039542CC27D1FA0400ABA488 /* ResponseModels */,
				039542D827D34BE700ABA488 /* APIRouter.swift */,
				039542D227D30E5C00ABA488 /* NetworkClient.swift */,
				039542D427D30E7100ABA488 /* NetworkRequest.swift */,
				039542D027D30E4D00ABA488 /* NetworkConstants.swift */,
			);
			path = Network;
			sourceTree = "<group>";
		};
		039542CC27D1FA0400ABA488 /* ResponseModels */ = {
			isa = PBXGroup;
			children = (
				039542D627D33FCE00ABA488 /* SearchResponse.swift */,
				039542E027D824D300ABA488 /* BusinessDetailResponse.swift */,
			);
			path = ResponseModels;
			sourceTree = "<group>";
		};
		039542CD27D1FA1400ABA488 /* RequestModels */ = {
			isa = PBXGroup;
			children = (
			);
			path = RequestModels;
			sourceTree = "<group>";
		};
		039542CE27D1FA2C00ABA488 /* Resources */ = {
			isa = PBXGroup;
			children = (
				039542B827D1DC6800ABA488 /* Assets */,
			);
			path = Resources;
			sourceTree = "<group>";
		};
		039542CF27D1FA5C00ABA488 /* Cells */ = {
			isa = PBXGroup;
			children = (
				039542DE27D80CC700ABA488 /* BusinessResultsCell.swift */,
				039542E427DC0CEC00ABA488 /* CafeDetailCollectionViewCell.swift */,
			);
			path = Cells;
			sourceTree = "<group>";
		};
		03ACCCF827D0860000B69444 = {
			isa = PBXGroup;
			children = (
				03ACCD1227D0860300B69444 /* Info.plist */,
				03ACCD0327D0860000B69444 /* Nine Bar */,
				03ACCD0227D0860000B69444 /* Products */,
				2CBF31849467ACA1291BD7C4 /* Pods */,
				895B4C1FB5D8859242D22D7A /* Frameworks */,
			);
			sourceTree = "<group>";
		};
		03ACCD0227D0860000B69444 /* Products */ = {
			isa = PBXGroup;
			children = (
				03ACCD0127D0860000B69444 /* Nine Bar.app */,
			);
			name = Products;
			sourceTree = "<group>";
		};
		03ACCD0327D0860000B69444 /* Nine Bar */ = {
			isa = PBXGroup;
			children = (
				039542B627D1DC2500ABA488 /* View Controllers */,
				039542CA27D1F9CD00ABA488 /* Extensions */,
				039542B427D1DC0800ABA488 /* Model */,
				039542CB27D1F9F700ABA488 /* Network */,
				039542CE27D1FA2C00ABA488 /* Resources */,
				039542B727D1DC5400ABA488 /* Storyboards */,
				039542B527D1DC1500ABA488 /* Views */,
			);
			path = "Nine Bar";
			sourceTree = "<group>";
		};
		2CBF31849467ACA1291BD7C4 /* Pods */ = {
			isa = PBXGroup;
			children = (
				C883FB0F368AF51430AAF88A /* Pods-Nine Bar.debug.xcconfig */,
				2D5E9BA0619F32B6280BF81A /* Pods-Nine Bar.release.xcconfig */,
			);
			path = Pods;
			sourceTree = "<group>";
		};
		895B4C1FB5D8859242D22D7A /* Frameworks */ = {
			isa = PBXGroup;
			children = (
				E9598CD61EA1BE515615B50D /* Pods_Nine_Bar.framework */,
			);
			name = Frameworks;
			sourceTree = "<group>";
		};
/* End PBXGroup section */

/* Begin PBXNativeTarget section */
		03ACCD0027D0860000B69444 /* Nine Bar */ = {
			isa = PBXNativeTarget;
			buildConfigurationList = 03ACCD1527D0860300B69444 /* Build configuration list for PBXNativeTarget "Nine Bar" */;
			buildPhases = (
				A0175430AF60EFB1FE50F837 /* [CP] Check Pods Manifest.lock */,
				03ACCCFD27D0860000B69444 /* Sources */,
				03ACCCFE27D0860000B69444 /* Frameworks */,
				03ACCCFF27D0860000B69444 /* Resources */,
				69F0595F0CE331CEF77130FB /* [CP] Embed Pods Frameworks */,
			);
			buildRules = (
			);
			dependencies = (
			);
			name = "Nine Bar";
			productName = "Nine Bar";
			productReference = 03ACCD0127D0860000B69444 /* Nine Bar.app */;
			productType = "com.apple.product-type.application";
		};
/* End PBXNativeTarget section */

/* Begin PBXProject section */
		03ACCCF927D0860000B69444 /* Project object */ = {
			isa = PBXProject;
			attributes = {
				BuildIndependentTargetsInParallel = 1;
				LastSwiftUpdateCheck = 1320;
				LastUpgradeCheck = 1320;
				TargetAttributes = {
					03ACCD0027D0860000B69444 = {
						CreatedOnToolsVersion = 13.2.1;
					};
				};
			};
			buildConfigurationList = 03ACCCFC27D0860000B69444 /* Build configuration list for PBXProject "Nine Bar" */;
			compatibilityVersion = "Xcode 13.0";
			developmentRegion = en;
			hasScannedForEncodings = 0;
			knownRegions = (
				en,
				Base,
			);
			mainGroup = 03ACCCF827D0860000B69444;
			productRefGroup = 03ACCD0227D0860000B69444 /* Products */;
			projectDirPath = "";
			projectRoot = "";
			targets = (
				03ACCD0027D0860000B69444 /* Nine Bar */,
			);
		};
/* End PBXProject section */

/* Begin PBXResourcesBuildPhase section */
		03ACCCFF27D0860000B69444 /* Resources */ = {
			isa = PBXResourcesBuildPhase;
			buildActionMask = 2147483647;
			files = (
				03ACCD1127D0860300B69444 /* LaunchScreen.storyboard in Resources */,
				03ACCD0E27D0860300B69444 /* Assets.xcassets in Resources */,
				03ACCD0C27D0860000B69444 /* Main.storyboard in Resources */,
			);
			runOnlyForDeploymentPostprocessing = 0;
		};
/* End PBXResourcesBuildPhase section */

/* Begin PBXShellScriptBuildPhase section */
		69F0595F0CE331CEF77130FB /* [CP] Embed Pods Frameworks */ = {
			isa = PBXShellScriptBuildPhase;
			buildActionMask = 2147483647;
			files = (
			);
			inputFileListPaths = (
				"${PODS_ROOT}/Target Support Files/Pods-Nine Bar/Pods-Nine Bar-frameworks-${CONFIGURATION}-input-files.xcfilelist",
			);
			name = "[CP] Embed Pods Frameworks";
			outputFileListPaths = (
				"${PODS_ROOT}/Target Support Files/Pods-Nine Bar/Pods-Nine Bar-frameworks-${CONFIGURATION}-output-files.xcfilelist",
			);
			runOnlyForDeploymentPostprocessing = 0;
			shellPath = /bin/sh;
			shellScript = "\"${PODS_ROOT}/Target Support Files/Pods-Nine Bar/Pods-Nine Bar-frameworks.sh\"\n";
			showEnvVarsInLog = 0;
		};
		A0175430AF60EFB1FE50F837 /* [CP] Check Pods Manifest.lock */ = {
			isa = PBXShellScriptBuildPhase;
			buildActionMask = 2147483647;
			files = (
			);
			inputFileListPaths = (
			);
			inputPaths = (
				"${PODS_PODFILE_DIR_PATH}/Podfile.lock",
				"${PODS_ROOT}/Manifest.lock",
			);
			name = "[CP] Check Pods Manifest.lock";
			outputFileListPaths = (
			);
			outputPaths = (
				"$(DERIVED_FILE_DIR)/Pods-Nine Bar-checkManifestLockResult.txt",
			);
			runOnlyForDeploymentPostprocessing = 0;
			shellPath = /bin/sh;
			shellScript = "diff \"${PODS_PODFILE_DIR_PATH}/Podfile.lock\" \"${PODS_ROOT}/Manifest.lock\" > /dev/null\nif [ $? != 0 ] ; then\n    # print error to STDERR\n    echo \"error: The sandbox is not in sync with the Podfile.lock. Run 'pod install' or update your CocoaPods installation.\" >&2\n    exit 1\nfi\n# This output is used by Xcode 'outputs' to avoid re-running this script phase.\necho \"SUCCESS\" > \"${SCRIPT_OUTPUT_FILE_0}\"\n";
			showEnvVarsInLog = 0;
		};
/* End PBXShellScriptBuildPhase section */

/* Begin PBXSourcesBuildPhase section */
		03ACCCFD27D0860000B69444 /* Sources */ = {
			isa = PBXSourcesBuildPhase;
			buildActionMask = 2147483647;
			files = (
				039542D127D30E4D00ABA488 /* NetworkConstants.swift in Sources */,
				039542D927D34BE700ABA488 /* APIRouter.swift in Sources */,
				039542C327D1DD2400ABA488 /* FavoritesListViewController.swift in Sources */,
				039542BF27D1DCF000ABA488 /* ResultsMapViewController.swift in Sources */,
				039542DD27D6AE6B00ABA488 /* UIViewController+Extension.swift in Sources */,
				039542E127D824D300ABA488 /* BusinessDetailResponse.swift in Sources */,
				039542C527D1DD3E00ABA488 /* CafeDetailViewController.swift in Sources */,
				039542D527D30E7100ABA488 /* NetworkRequest.swift in Sources */,
				039542E527DC0CEC00ABA488 /* CafeDetailCollectionViewCell.swift in Sources */,
				039542D727D33FCE00ABA488 /* SearchResponse.swift in Sources */,
				03ACCD0527D0860000B69444 /* AppDelegate.swift in Sources */,
				039542D327D30E5C00ABA488 /* NetworkClient.swift in Sources */,
				039542E327DAE03300ABA488 /* BusinessDetailModel.swift in Sources */,
				03ACCD0727D0860000B69444 /* SceneDelegate.swift in Sources */,
				039542C927D1E27600ABA488 /* SearchCafeViewController.swift in Sources */,
				039542DB27D6A66C00ABA488 /* SearchResultsModel.swift in Sources */,
				039542C127D1DCFD00ABA488 /* ResultsTableViewController.swift in Sources */,
				039542DF27D80CC700ABA488 /* BusinessResultsCell.swift in Sources */,
			);
			runOnlyForDeploymentPostprocessing = 0;
		};
/* End PBXSourcesBuildPhase section */

/* Begin PBXVariantGroup section */
		03ACCD0A27D0860000B69444 /* Main.storyboard */ = {
			isa = PBXVariantGroup;
			children = (
				03ACCD0B27D0860000B69444 /* Base */,
			);
			name = Main.storyboard;
			sourceTree = "<group>";
		};
		03ACCD0F27D0860300B69444 /* LaunchScreen.storyboard */ = {
			isa = PBXVariantGroup;
			children = (
				03ACCD1027D0860300B69444 /* Base */,
			);
			name = LaunchScreen.storyboard;
			sourceTree = "<group>";
		};
/* End PBXVariantGroup section */

/* Begin XCBuildConfiguration section */
		03ACCD1327D0860300B69444 /* Debug */ = {
			isa = XCBuildConfiguration;
			buildSettings = {
				ALWAYS_SEARCH_USER_PATHS = NO;
				CLANG_ANALYZER_NONNULL = YES;
				CLANG_ANALYZER_NUMBER_OBJECT_CONVERSION = YES_AGGRESSIVE;
				CLANG_CXX_LANGUAGE_STANDARD = "gnu++17";
				CLANG_CXX_LIBRARY = "libc++";
				CLANG_ENABLE_MODULES = YES;
				CLANG_ENABLE_OBJC_ARC = YES;
				CLANG_ENABLE_OBJC_WEAK = YES;
				CLANG_WARN_BLOCK_CAPTURE_AUTORELEASING = YES;
				CLANG_WARN_BOOL_CONVERSION = YES;
				CLANG_WARN_COMMA = YES;
				CLANG_WARN_CONSTANT_CONVERSION = YES;
				CLANG_WARN_DEPRECATED_OBJC_IMPLEMENTATIONS = YES;
				CLANG_WARN_DIRECT_OBJC_ISA_USAGE = YES_ERROR;
				CLANG_WARN_DOCUMENTATION_COMMENTS = YES;
				CLANG_WARN_EMPTY_BODY = YES;
				CLANG_WARN_ENUM_CONVERSION = YES;
				CLANG_WARN_INFINITE_RECURSION = YES;
				CLANG_WARN_INT_CONVERSION = YES;
				CLANG_WARN_NON_LITERAL_NULL_CONVERSION = YES;
				CLANG_WARN_OBJC_IMPLICIT_RETAIN_SELF = YES;
				CLANG_WARN_OBJC_LITERAL_CONVERSION = YES;
				CLANG_WARN_OBJC_ROOT_CLASS = YES_ERROR;
				CLANG_WARN_QUOTED_INCLUDE_IN_FRAMEWORK_HEADER = YES;
				CLANG_WARN_RANGE_LOOP_ANALYSIS = YES;
				CLANG_WARN_STRICT_PROTOTYPES = YES;
				CLANG_WARN_SUSPICIOUS_MOVE = YES;
				CLANG_WARN_UNGUARDED_AVAILABILITY = YES_AGGRESSIVE;
				CLANG_WARN_UNREACHABLE_CODE = YES;
				CLANG_WARN__DUPLICATE_METHOD_MATCH = YES;
				COPY_PHASE_STRIP = NO;
				DEBUG_INFORMATION_FORMAT = dwarf;
				ENABLE_STRICT_OBJC_MSGSEND = YES;
				ENABLE_TESTABILITY = YES;
				GCC_C_LANGUAGE_STANDARD = gnu11;
				GCC_DYNAMIC_NO_PIC = NO;
				GCC_NO_COMMON_BLOCKS = YES;
				GCC_OPTIMIZATION_LEVEL = 0;
				GCC_PREPROCESSOR_DEFINITIONS = (
					"DEBUG=1",
					"$(inherited)",
				);
				GCC_WARN_64_TO_32_BIT_CONVERSION = YES;
				GCC_WARN_ABOUT_RETURN_TYPE = YES_ERROR;
				GCC_WARN_UNDECLARED_SELECTOR = YES;
				GCC_WARN_UNINITIALIZED_AUTOS = YES_AGGRESSIVE;
				GCC_WARN_UNUSED_FUNCTION = YES;
				GCC_WARN_UNUSED_VARIABLE = YES;
				IPHONEOS_DEPLOYMENT_TARGET = 15.2;
				MTL_ENABLE_DEBUG_INFO = INCLUDE_SOURCE;
				MTL_FAST_MATH = YES;
				ONLY_ACTIVE_ARCH = YES;
				SDKROOT = iphoneos;
				SWIFT_ACTIVE_COMPILATION_CONDITIONS = DEBUG;
				SWIFT_OPTIMIZATION_LEVEL = "-Onone";
			};
			name = Debug;
		};
		03ACCD1427D0860300B69444 /* Release */ = {
			isa = XCBuildConfiguration;
			buildSettings = {
				ALWAYS_SEARCH_USER_PATHS = NO;
				CLANG_ANALYZER_NONNULL = YES;
				CLANG_ANALYZER_NUMBER_OBJECT_CONVERSION = YES_AGGRESSIVE;
				CLANG_CXX_LANGUAGE_STANDARD = "gnu++17";
				CLANG_CXX_LIBRARY = "libc++";
				CLANG_ENABLE_MODULES = YES;
				CLANG_ENABLE_OBJC_ARC = YES;
				CLANG_ENABLE_OBJC_WEAK = YES;
				CLANG_WARN_BLOCK_CAPTURE_AUTORELEASING = YES;
				CLANG_WARN_BOOL_CONVERSION = YES;
				CLANG_WARN_COMMA = YES;
				CLANG_WARN_CONSTANT_CONVERSION = YES;
				CLANG_WARN_DEPRECATED_OBJC_IMPLEMENTATIONS = YES;
				CLANG_WARN_DIRECT_OBJC_ISA_USAGE = YES_ERROR;
				CLANG_WARN_DOCUMENTATION_COMMENTS = YES;
				CLANG_WARN_EMPTY_BODY = YES;
				CLANG_WARN_ENUM_CONVERSION = YES;
				CLANG_WARN_INFINITE_RECURSION = YES;
				CLANG_WARN_INT_CONVERSION = YES;
				CLANG_WARN_NON_LITERAL_NULL_CONVERSION = YES;
				CLANG_WARN_OBJC_IMPLICIT_RETAIN_SELF = YES;
				CLANG_WARN_OBJC_LITERAL_CONVERSION = YES;
				CLANG_WARN_OBJC_ROOT_CLASS = YES_ERROR;
				CLANG_WARN_QUOTED_INCLUDE_IN_FRAMEWORK_HEADER = YES;
				CLANG_WARN_RANGE_LOOP_ANALYSIS = YES;
				CLANG_WARN_STRICT_PROTOTYPES = YES;
				CLANG_WARN_SUSPICIOUS_MOVE = YES;
				CLANG_WARN_UNGUARDED_AVAILABILITY = YES_AGGRESSIVE;
				CLANG_WARN_UNREACHABLE_CODE = YES;
				CLANG_WARN__DUPLICATE_METHOD_MATCH = YES;
				COPY_PHASE_STRIP = NO;
				DEBUG_INFORMATION_FORMAT = "dwarf-with-dsym";
				ENABLE_NS_ASSERTIONS = NO;
				ENABLE_STRICT_OBJC_MSGSEND = YES;
				GCC_C_LANGUAGE_STANDARD = gnu11;
				GCC_NO_COMMON_BLOCKS = YES;
				GCC_WARN_64_TO_32_BIT_CONVERSION = YES;
				GCC_WARN_ABOUT_RETURN_TYPE = YES_ERROR;
				GCC_WARN_UNDECLARED_SELECTOR = YES;
				GCC_WARN_UNINITIALIZED_AUTOS = YES_AGGRESSIVE;
				GCC_WARN_UNUSED_FUNCTION = YES;
				GCC_WARN_UNUSED_VARIABLE = YES;
				IPHONEOS_DEPLOYMENT_TARGET = 15.2;
				MTL_ENABLE_DEBUG_INFO = NO;
				MTL_FAST_MATH = YES;
				SDKROOT = iphoneos;
				SWIFT_COMPILATION_MODE = wholemodule;
				SWIFT_OPTIMIZATION_LEVEL = "-O";
				VALIDATE_PRODUCT = YES;
			};
			name = Release;
		};
		03ACCD1627D0860300B69444 /* Debug */ = {
			isa = XCBuildConfiguration;
			baseConfigurationReference = C883FB0F368AF51430AAF88A /* Pods-Nine Bar.debug.xcconfig */;
			buildSettings = {
				ASSETCATALOG_COMPILER_APPICON_NAME = AppIcon;
				ASSETCATALOG_COMPILER_GLOBAL_ACCENT_COLOR_NAME = AccentColor;
				CODE_SIGN_STYLE = Automatic;
				CURRENT_PROJECT_VERSION = 1;
				DEVELOPMENT_TEAM = Y899W7X9LS;
				GENERATE_INFOPLIST_FILE = YES;
				INFOPLIST_FILE = "Nine Bar/Info.plist";
				INFOPLIST_KEY_UIApplicationSupportsIndirectInputEvents = YES;
				INFOPLIST_KEY_UILaunchStoryboardName = LaunchScreen;
				INFOPLIST_KEY_UIMainStoryboardFile = Main;
				INFOPLIST_KEY_UISupportedInterfaceOrientations_iPad = "UIInterfaceOrientationPortrait UIInterfaceOrientationPortraitUpsideDown UIInterfaceOrientationLandscapeLeft UIInterfaceOrientationLandscapeRight";
				INFOPLIST_KEY_UISupportedInterfaceOrientations_iPhone = "UIInterfaceOrientationPortrait UIInterfaceOrientationLandscapeLeft UIInterfaceOrientationLandscapeRight";
				LD_RUNPATH_SEARCH_PATHS = (
					"$(inherited)",
					"@executable_path/Frameworks",
				);
				MARKETING_VERSION = 1.0;
				PRODUCT_BUNDLE_IDENTIFIER = "Blue-Iris.Nine-Bar";
				PRODUCT_NAME = "$(TARGET_NAME)";
				SWIFT_EMIT_LOC_STRINGS = YES;
				SWIFT_VERSION = 5.0;
				TARGETED_DEVICE_FAMILY = "1,2";
			};
			name = Debug;
		};
		03ACCD1727D0860300B69444 /* Release */ = {
			isa = XCBuildConfiguration;
			baseConfigurationReference = 2D5E9BA0619F32B6280BF81A /* Pods-Nine Bar.release.xcconfig */;
			buildSettings = {
				ASSETCATALOG_COMPILER_APPICON_NAME = AppIcon;
				ASSETCATALOG_COMPILER_GLOBAL_ACCENT_COLOR_NAME = AccentColor;
				CODE_SIGN_STYLE = Automatic;
				CURRENT_PROJECT_VERSION = 1;
				DEVELOPMENT_TEAM = Y899W7X9LS;
				GENERATE_INFOPLIST_FILE = YES;
				INFOPLIST_FILE = "Nine Bar/Info.plist";
				INFOPLIST_KEY_UIApplicationSupportsIndirectInputEvents = YES;
				INFOPLIST_KEY_UILaunchStoryboardName = LaunchScreen;
				INFOPLIST_KEY_UIMainStoryboardFile = Main;
				INFOPLIST_KEY_UISupportedInterfaceOrientations_iPad = "UIInterfaceOrientationPortrait UIInterfaceOrientationPortraitUpsideDown UIInterfaceOrientationLandscapeLeft UIInterfaceOrientationLandscapeRight";
				INFOPLIST_KEY_UISupportedInterfaceOrientations_iPhone = "UIInterfaceOrientationPortrait UIInterfaceOrientationLandscapeLeft UIInterfaceOrientationLandscapeRight";
				LD_RUNPATH_SEARCH_PATHS = (
					"$(inherited)",
					"@executable_path/Frameworks",
				);
				MARKETING_VERSION = 1.0;
				PRODUCT_BUNDLE_IDENTIFIER = "Blue-Iris.Nine-Bar";
				PRODUCT_NAME = "$(TARGET_NAME)";
				SWIFT_EMIT_LOC_STRINGS = YES;
				SWIFT_VERSION = 5.0;
				TARGETED_DEVICE_FAMILY = "1,2";
			};
			name = Release;
		};
/* End XCBuildConfiguration section */

/* Begin XCConfigurationList section */
		03ACCCFC27D0860000B69444 /* Build configuration list for PBXProject "Nine Bar" */ = {
			isa = XCConfigurationList;
			buildConfigurations = (
				03ACCD1327D0860300B69444 /* Debug */,
				03ACCD1427D0860300B69444 /* Release */,
			);
			defaultConfigurationIsVisible = 0;
			defaultConfigurationName = Release;
		};
		03ACCD1527D0860300B69444 /* Build configuration list for PBXNativeTarget "Nine Bar" */ = {
			isa = XCConfigurationList;
			buildConfigurations = (
				03ACCD1627D0860300B69444 /* Debug */,
				03ACCD1727D0860300B69444 /* Release */,
			);
			defaultConfigurationIsVisible = 0;
			defaultConfigurationName = Release;
		};
/* End XCConfigurationList section */
	};
	rootObject = 03ACCCF927D0860000B69444 /* Project object */;
}
